{
  "version": 4,
  "terraform_version": "1.6.6",
  "serial": 12,
  "lineage": "aadc0ce6-8184-74e8-d9a1-648d26faeedb",
  "outputs": {},
  "resources": [
    {
      "mode": "managed",
      "type": "local_file",
      "name": "Productos",
      "provider": "provider[\"registry.terraform.io/hashicorp/local\"]",
      "instances": [
        {
          "index_key": 0,
          "schema_version": 0,
          "attributes": {
            "content": "Lista de productos para el mes",
            "content_base64": null,
            "content_base64sha256": "O9aAVPvmTNj7aL+C3ylFbZHfZir2TbtDIYXXwbzwSyI=",
            "content_base64sha512": "fzaPhMuSywtZ6Uu5Nz2GCtXsDeW8cwd9oaYWfZMM1u6QebnqanxY9dKH57LnlklXERLmJCAvMN5WpFuU9KWaaQ==",
            "content_md5": "36b4c2ca1cb498b262defdbef6234456",
            "content_sha1": "d1ac223cfb5ab95de147dbd64929cc5f19befc33",
            "content_sha256": "3bd68054fbe64cd8fb68bf82df29456d91df662af64dbb432185d7c1bcf04b22",
            "content_sha512": "7f368f84cb92cb0b59e94bb9373d860ad5ec0de5bc73077da1a6167d930cd6ee9079b9ea6a7c58f5d287e7b2e79649571112e624202f30de56a45b94f4a59a69",
            "directory_permission": "0777",
            "file_permission": "0777",
            "filename": "productos-mdpb.txt",
            "id": "d1ac223cfb5ab95de147dbd64929cc5f19befc33",
            "sensitive_content": null,
            "source": null
          },
          "sensitive_attributes": [],
          "dependencies": [
            "random_string.sufijo"
          ]
        },
        {
          "index_key": 1,
          "schema_version": 0,
          "attributes": {
            "content": "Lista de productos para el mes",
            "content_base64": null,
            "content_base64sha256": "O9aAVPvmTNj7aL+C3ylFbZHfZir2TbtDIYXXwbzwSyI=",
            "content_base64sha512": "fzaPhMuSywtZ6Uu5Nz2GCtXsDeW8cwd9oaYWfZMM1u6QebnqanxY9dKH57LnlklXERLmJCAvMN5WpFuU9KWaaQ==",
            "content_md5": "36b4c2ca1cb498b262defdbef6234456",
            "content_sha1": "d1ac223cfb5ab95de147dbd64929cc5f19befc33",
            "content_sha256": "3bd68054fbe64cd8fb68bf82df29456d91df662af64dbb432185d7c1bcf04b22",
            "content_sha512": "7f368f84cb92cb0b59e94bb9373d860ad5ec0de5bc73077da1a6167d930cd6ee9079b9ea6a7c58f5d287e7b2e79649571112e624202f30de56a45b94f4a59a69",
            "directory_permission": "0777",
            "file_permission": "0777",
            "filename": "productos-fyut.txt",
            "id": "d1ac223cfb5ab95de147dbd64929cc5f19befc33",
            "sensitive_content": null,
            "source": null
          },
          "sensitive_attributes": [],
          "dependencies": [
            "random_string.sufijo"
          ]
        },
        {
          "index_key": 2,
          "schema_version": 0,
          "attributes": {
            "content": "Lista de productos para el mes",
            "content_base64": null,
            "content_base64sha256": "O9aAVPvmTNj7aL+C3ylFbZHfZir2TbtDIYXXwbzwSyI=",
            "content_base64sha512": "fzaPhMuSywtZ6Uu5Nz2GCtXsDeW8cwd9oaYWfZMM1u6QebnqanxY9dKH57LnlklXERLmJCAvMN5WpFuU9KWaaQ==",
            "content_md5": "36b4c2ca1cb498b262defdbef6234456",
            "content_sha1": "d1ac223cfb5ab95de147dbd64929cc5f19befc33",
            "content_sha256": "3bd68054fbe64cd8fb68bf82df29456d91df662af64dbb432185d7c1bcf04b22",
            "content_sha512": "7f368f84cb92cb0b59e94bb9373d860ad5ec0de5bc73077da1a6167d930cd6ee9079b9ea6a7c58f5d287e7b2e79649571112e624202f30de56a45b94f4a59a69",
            "directory_permission": "0777",
            "file_permission": "0777",
            "filename": "productos-yycq.txt",
            "id": "d1ac223cfb5ab95de147dbd64929cc5f19befc33",
            "sensitive_content": null,
            "source": null
          },
          "sensitive_attributes": [],
          "dependencies": [
            "random_string.sufijo"
          ]
        },
        {
          "index_key": 3,
          "schema_version": 0,
          "attributes": {
            "content": "Lista de productos para el mes",
            "content_base64": null,
            "content_base64sha256": "O9aAVPvmTNj7aL+C3ylFbZHfZir2TbtDIYXXwbzwSyI=",
            "content_base64sha512": "fzaPhMuSywtZ6Uu5Nz2GCtXsDeW8cwd9oaYWfZMM1u6QebnqanxY9dKH57LnlklXERLmJCAvMN5WpFuU9KWaaQ==",
            "content_md5": "36b4c2ca1cb498b262defdbef6234456",
            "content_sha1": "d1ac223cfb5ab95de147dbd64929cc5f19befc33",
            "content_sha256": "3bd68054fbe64cd8fb68bf82df29456d91df662af64dbb432185d7c1bcf04b22",
            "content_sha512": "7f368f84cb92cb0b59e94bb9373d860ad5ec0de5bc73077da1a6167d930cd6ee9079b9ea6a7c58f5d287e7b2e79649571112e624202f30de56a45b94f4a59a69",
            "directory_permission": "0777",
            "file_permission": "0777",
            "filename": "productos-pfsd.txt",
            "id": "d1ac223cfb5ab95de147dbd64929cc5f19befc33",
            "sensitive_content": null,
            "source": null
          },
          "sensitive_attributes": [],
          "dependencies": [
            "random_string.sufijo"
          ]
        },
        {
          "index_key": 4,
          "schema_version": 0,
          "attributes": {
            "content": "Lista de productos para el mes",
            "content_base64": null,
            "content_base64sha256": "O9aAVPvmTNj7aL+C3ylFbZHfZir2TbtDIYXXwbzwSyI=",
            "content_base64sha512": "fzaPhMuSywtZ6Uu5Nz2GCtXsDeW8cwd9oaYWfZMM1u6QebnqanxY9dKH57LnlklXERLmJCAvMN5WpFuU9KWaaQ==",
            "content_md5": "36b4c2ca1cb498b262defdbef6234456",
            "content_sha1": "d1ac223cfb5ab95de147dbd64929cc5f19befc33",
            "content_sha256": "3bd68054fbe64cd8fb68bf82df29456d91df662af64dbb432185d7c1bcf04b22",
            "content_sha512": "7f368f84cb92cb0b59e94bb9373d860ad5ec0de5bc73077da1a6167d930cd6ee9079b9ea6a7c58f5d287e7b2e79649571112e624202f30de56a45b94f4a59a69",
            "directory_permission": "0777",
            "file_permission": "0777",
            "filename": "productos-fxfe.txt",
            "id": "d1ac223cfb5ab95de147dbd64929cc5f19befc33",
            "sensitive_content": null,
            "source": null
          },
          "sensitive_attributes": [],
          "dependencies": [
            "random_string.sufijo"
          ]
        }
      ]
    },
    {
      "mode": "managed",
      "type": "random_string",
      "name": "sufijo",
      "provider": "provider[\"registry.terraform.io/hashicorp/random\"]",
      "instances": [
        {
          "index_key": 0,
          "schema_version": 2,
          "attributes": {
            "id": "mdpb",
            "keepers": null,
            "length": 4,
            "lower": true,
            "min_lower": 0,
            "min_numeric": 0,
            "min_special": 0,
            "min_upper": 0,
            "number": false,
            "numeric": false,
            "override_special": null,
            "result": "mdpb",
            "special": false,
            "upper": false
          },
          "sensitive_attributes": []
        },
        {
          "index_key": 1,
          "schema_version": 2,
          "attributes": {
            "id": "fyut",
            "keepers": null,
            "length": 4,
            "lower": true,
            "min_lower": 0,
            "min_numeric": 0,
            "min_special": 0,
            "min_upper": 0,
            "number": false,
            "numeric": false,
            "override_special": null,
            "result": "fyut",
            "special": false,
            "upper": false
          },
          "sensitive_attributes": []
        },
        {
          "index_key": 2,
          "schema_version": 2,
          "attributes": {
            "id": "yycq",
            "keepers": null,
            "length": 4,
            "lower": true,
            "min_lower": 0,
            "min_numeric": 0,
            "min_special": 0,
            "min_upper": 0,
            "number": false,
            "numeric": false,
            "override_special": null,
            "result": "yycq",
            "special": false,
            "upper": false
          },
          "sensitive_attributes": []
        },
        {
          "index_key": 3,
          "schema_version": 2,
          "attributes": {
            "id": "pfsd",
            "keepers": null,
            "length": 4,
            "lower": true,
            "min_lower": 0,
            "min_numeric": 0,
            "min_special": 0,
            "min_upper": 0,
            "number": false,
            "numeric": false,
            "override_special": null,
            "result": "pfsd",
            "special": false,
            "upper": false
          },
          "sensitive_attributes": []
        },
        {
          "index_key": 4,
          "schema_version": 2,
          "attributes": {
            "id": "fxfe",
            "keepers": null,
            "length": 4,
            "lower": true,
            "min_lower": 0,
            "min_numeric": 0,
            "min_special": 0,
            "min_upper": 0,
            "number": false,
            "numeric": false,
            "override_special": null,
            "result": "fxfe",
            "special": false,
            "upper": false
          },
          "sensitive_attributes": []
        }
      ]
    }
  ],
  "check_results": null
}
