{
  "version": 4,
  "terraform_version": "1.6.6",
  "serial": 31,
  "lineage": "9b425d9b-b1e6-e3f8-fcb0-42607f4eaa97",
  "outputs": {},
  "resources": [
    {
      "mode": "managed",
      "type": "aws_subnet",
      "name": "public_subnet",
      "provider": "provider[\"registry.terraform.io/hashicorp/aws\"]",
      "instances": [
        {
          "schema_version": 1,
          "attributes": {
            "arn": "arn:aws:ec2:us-east-1:214952093188:subnet/subnet-03b6c7896cf93e187",
            "assign_ipv6_address_on_creation": false,
            "availability_zone": "us-east-1b",
            "availability_zone_id": "use1-az4",
            "cidr_block": "10.10.1.0/24",
            "customer_owned_ipv4_pool": "",
            "enable_dns64": false,
            "enable_resource_name_dns_a_record_on_launch": false,
            "enable_resource_name_dns_aaaa_record_on_launch": false,
            "id": "subnet-03b6c7896cf93e187",
            "ipv6_cidr_block": "",
            "ipv6_cidr_block_association_id": "",
            "ipv6_native": false,
            "map_customer_owned_ip_on_launch": false,
            "map_public_ip_on_launch": true,
            "outpost_arn": "",
            "owner_id": "214952093188",
            "private_dns_hostname_type_on_launch": "ip-name",
            "tags": {
              "Fecha Creacion": "12/01/2024",
              "Name": "vPC_Easts_01_subnet_public_01"
            },
            "tags_all": {
              "Fecha Creacion": "12/01/2024",
              "Name": "vPC_Easts_01_subnet_public_01"
            },
            "timeouts": null,
            "vpc_id": "vpc-09e42bcb7c20385cf"
          },
          "sensitive_attributes": [],
          "private": "eyJlMmJmYjczMC1lY2FhLTExZTYtOGY4OC0zNDM2M2JjN2M0YzAiOnsiY3JlYXRlIjo2MDAwMDAwMDAwMDAsImRlbGV0ZSI6MTIwMDAwMDAwMDAwMH0sInNjaGVtYV92ZXJzaW9uIjoiMSJ9",
          "dependencies": [
            "aws_vpc.vpc_ueast_1_QA"
          ]
        }
      ]
    },
    {
      "mode": "managed",
      "type": "aws_vpc",
      "name": "vpc_ueast_1_QA",
      "provider": "provider[\"registry.terraform.io/hashicorp/aws\"].virginia",
      "instances": [
        {
          "schema_version": 1,
          "attributes": {
            "arn": "arn:aws:ec2:us-east-1:214952093188:vpc/vpc-09e42bcb7c20385cf",
            "assign_generated_ipv6_cidr_block": false,
            "cidr_block": "10.10.0.0/16",
            "default_network_acl_id": "acl-089c0a172a129ff96",
            "default_route_table_id": "rtb-03d1598c91207c344",
            "default_security_group_id": "sg-0709ce7bb7c40850a",
            "dhcp_options_id": "dopt-f9f8c782",
            "enable_classiclink": false,
            "enable_classiclink_dns_support": false,
            "enable_dns_hostnames": false,
            "enable_dns_support": true,
            "enable_network_address_usage_metrics": false,
            "id": "vpc-09e42bcb7c20385cf",
            "instance_tenancy": "default",
            "ipv4_ipam_pool_id": null,
            "ipv4_netmask_length": null,
            "ipv6_association_id": "",
            "ipv6_cidr_block": "",
            "ipv6_cidr_block_network_border_group": "",
            "ipv6_ipam_pool_id": "",
            "ipv6_netmask_length": 0,
            "main_route_table_id": "rtb-03d1598c91207c344",
            "owner_id": "214952093188",
            "tags": {
              "Fecha Creacion": "12/01/2024",
              "Name": "VPC_Easts_01"
            },
            "tags_all": {
              "Ambiente": "QA",
              "Fecha Creacion": "12/01/2024",
              "IAC": "Terraform",
              "Name": "VPC_Easts_01",
              "Nube": "AWS",
              "Responsable": "MGA"
            }
          },
          "sensitive_attributes": [],
          "private": "eyJzY2hlbWFfdmVyc2lvbiI6IjEifQ=="
        }
      ]
    }
  ],
  "check_results": null
}
