{
  "version": 4,
  "terraform_version": "1.12.2",
  "serial": 12,
  "lineage": "c1d45db8-beed-167b-3e1b-fda3f76e84c6",
  "outputs": {
    "api_url": {
      "value": "https://j56y8ueuuc.execute-api.us-west-2.amazonaws.com/dev/greeting",
      "type": "string"
    },
    "lambda_function_name": {
      "value": "belcorp-greeting",
      "type": "string"
    }
  },
  "resources": [
    {
      "mode": "data",
      "type": "archive_file",
      "name": "lambda_zip",
      "provider": "provider[\"registry.terraform.io/hashicorp/archive\"]",
      "instances": [
        {
          "schema_version": 0,
          "attributes": {
            "exclude_symlink_directories": null,
            "excludes": null,
            "id": "d883e630a6c26dc0c53e37760e2102b286991ea3",
            "output_base64sha256": "+X2M9xWhjGZAl/DjvIAKhMHRxg9YeEEn+N+CK7hfKSs=",
            "output_base64sha512": "Of/lkc7TlTJjz3DZNsLK3+TXXMBNlp8EkiYI3na8R18mikpOQSScLCdQ9bBa9Kq4SVvtWqgmOBclwM7Fz9A/qg==",
            "output_file_mode": null,
            "output_md5": "dee379d02ca52d4bcca54860623fa640",
            "output_path": "lambda_function.zip",
            "output_sha": "d883e630a6c26dc0c53e37760e2102b286991ea3",
            "output_sha256": "f97d8cf715a18c664097f0e3bc800a84c1d1c60f58784127f8df822bb85f292b",
            "output_sha512": "39ffe591ced3953263cf70d936c2cadfe4d75cc04d969f04922608de76bc475f268a4a4e41249c2c2750f5b05af4aab8495bed5aa826381725c0cec5cfd03faa",
            "output_size": 271,
            "source": [],
            "source_content": null,
            "source_content_filename": null,
            "source_dir": null,
            "source_file": "../lambda/handler.py",
            "type": "zip"
          },
          "sensitive_attributes": [],
          "identity_schema_version": 0
        }
      ]
    },
    {
      "mode": "managed",
      "type": "aws_api_gateway_deployment",
      "name": "dev_deployment",
      "provider": "provider[\"registry.terraform.io/hashicorp/aws\"]",
      "instances": [
        {
          "schema_version": 0,
          "attributes": {
            "created_date": "2025-07-14T17:33:29Z",
            "description": "",
            "execution_arn": "arn:aws:execute-api:us-west-2:214952093188:j56y8ueuuc/dev",
            "id": "5ojfw8",
            "invoke_url": "https://j56y8ueuuc.execute-api.us-west-2.amazonaws.com/dev",
            "rest_api_id": "j56y8ueuuc",
            "stage_description": null,
            "stage_name": "dev",
            "triggers": null,
            "variables": {
              "deployed_at": "2025-07-14T17:33:31Z"
            }
          },
          "sensitive_attributes": [],
          "identity_schema_version": 0,
          "private": "bnVsbA==",
          "dependencies": [
            "aws_api_gateway_integration.lambda_integration",
            "aws_api_gateway_method.get_method",
            "aws_api_gateway_resource.greeting",
            "aws_api_gateway_rest_api.belcorp_api",
            "aws_iam_role.lambda_exec",
            "aws_lambda_function.belcorp_greeting",
            "data.archive_file.lambda_zip"
          ]
        }
      ]
    },
    {
      "mode": "managed",
      "type": "aws_api_gateway_integration",
      "name": "lambda_integration",
      "provider": "provider[\"registry.terraform.io/hashicorp/aws\"]",
      "instances": [
        {
          "schema_version": 0,
          "attributes": {
            "cache_key_parameters": null,
            "cache_namespace": "2g2yon",
            "connection_id": "",
            "connection_type": "INTERNET",
            "content_handling": "",
            "credentials": "",
            "http_method": "GET",
            "id": "agi-j56y8ueuuc-2g2yon-GET",
            "integration_http_method": "POST",
            "passthrough_behavior": "WHEN_NO_MATCH",
            "request_parameters": null,
            "request_templates": null,
            "resource_id": "2g2yon",
            "rest_api_id": "j56y8ueuuc",
            "timeout_milliseconds": 29000,
            "tls_config": [],
            "type": "AWS_PROXY",
            "uri": "arn:aws:apigateway:us-west-2:lambda:path/2015-03-31/functions/arn:aws:lambda:us-west-2:214952093188:function:belcorp-greeting/invocations"
          },
          "sensitive_attributes": [],
          "identity_schema_version": 0,
          "private": "bnVsbA==",
          "dependencies": [
            "aws_api_gateway_method.get_method",
            "aws_api_gateway_resource.greeting",
            "aws_api_gateway_rest_api.belcorp_api",
            "aws_iam_role.lambda_exec",
            "aws_lambda_function.belcorp_greeting",
            "data.archive_file.lambda_zip"
          ]
        }
      ]
    },
    {
      "mode": "managed",
      "type": "aws_api_gateway_method",
      "name": "get_method",
      "provider": "provider[\"registry.terraform.io/hashicorp/aws\"]",
      "instances": [
        {
          "schema_version": 0,
          "attributes": {
            "api_key_required": false,
            "authorization": "NONE",
            "authorization_scopes": null,
            "authorizer_id": null,
            "http_method": "GET",
            "id": "agm-j56y8ueuuc-2g2yon-GET",
            "operation_name": null,
            "request_models": null,
            "request_parameters": null,
            "request_validator_id": null,
            "resource_id": "2g2yon",
            "rest_api_id": "j56y8ueuuc"
          },
          "sensitive_attributes": [],
          "identity_schema_version": 0,
          "private": "bnVsbA==",
          "dependencies": [
            "aws_api_gateway_resource.greeting",
            "aws_api_gateway_rest_api.belcorp_api"
          ]
        }
      ]
    },
    {
      "mode": "managed",
      "type": "aws_api_gateway_resource",
      "name": "greeting",
      "provider": "provider[\"registry.terraform.io/hashicorp/aws\"]",
      "instances": [
        {
          "schema_version": 0,
          "attributes": {
            "id": "2g2yon",
            "parent_id": "6a3rwtj434",
            "path": "/greeting",
            "path_part": "greeting",
            "rest_api_id": "j56y8ueuuc"
          },
          "sensitive_attributes": [],
          "identity_schema_version": 0,
          "private": "bnVsbA==",
          "dependencies": [
            "aws_api_gateway_rest_api.belcorp_api"
          ]
        }
      ]
    },
    {
      "mode": "managed",
      "type": "aws_api_gateway_rest_api",
      "name": "belcorp_api",
      "provider": "provider[\"registry.terraform.io/hashicorp/aws\"]",
      "instances": [
        {
          "schema_version": 0,
          "attributes": {
            "api_key_source": "HEADER",
            "arn": "arn:aws:apigateway:us-west-2::/restapis/j56y8ueuuc",
            "binary_media_types": [],
            "body": null,
            "created_date": "2025-07-14T17:33:13Z",
            "description": "API para saludo Belcorp",
            "disable_execute_api_endpoint": false,
            "endpoint_configuration": [
              {
                "types": [
                  "EDGE"
                ],
                "vpc_endpoint_ids": []
              }
            ],
            "execution_arn": "arn:aws:execute-api:us-west-2:214952093188:j56y8ueuuc",
            "fail_on_warnings": null,
            "id": "j56y8ueuuc",
            "minimum_compression_size": -1,
            "name": "belcorp-greeting-api",
            "parameters": null,
            "policy": "",
            "put_rest_api_mode": null,
            "root_resource_id": "6a3rwtj434",
            "tags": null,
            "tags_all": {
              "Ambiente": "QA",
              "Fecha_Creacion": "12/07/2025",
              "IaC": "Terraform",
              "Nube": "AWS",
              "Responsable": "Juan Perez"
            }
          },
          "sensitive_attributes": [],
          "identity_schema_version": 0,
          "private": "bnVsbA=="
        }
      ]
    },
    {
      "mode": "managed",
      "type": "aws_cloudwatch_dashboard",
      "name": "api_dashboard",
      "provider": "provider[\"registry.terraform.io/hashicorp/aws\"]",
      "instances": [
        {
          "schema_version": 0,
          "attributes": {
            "dashboard_arn": "arn:aws:cloudwatch::214952093188:dashboard/belcorp-api-dashboard",
            "dashboard_body": "{\"widgets\":[{\"height\":6,\"properties\":{\"metrics\":[[\"AWS/ApiGateway\",\"Count\",\"ApiName\",\"belcorp-greeting-api\",\"Stage\",\"dev\"],[\".\",\"4XXError\",\".\",\".\",\".\",\".\"],[\".\",\"5XXError\",\".\",\".\",\".\",\".\"]],\"period\":300,\"region\":\"us-west-2\",\"stat\":\"Sum\",\"title\":\"Métricas de API\"},\"type\":\"metric\",\"width\":12,\"x\":0,\"y\":0}]}",
            "dashboard_name": "belcorp-api-dashboard",
            "id": "belcorp-api-dashboard"
          },
          "sensitive_attributes": [],
          "identity_schema_version": 0,
          "private": "bnVsbA=="
        }
      ]
    },
    {
      "mode": "managed",
      "type": "aws_cloudwatch_log_group",
      "name": "api_gateway_logs",
      "provider": "provider[\"registry.terraform.io/hashicorp/aws\"]",
      "instances": [
        {
          "schema_version": 0,
          "attributes": {
            "arn": "arn:aws:logs:us-west-2:214952093188:log-group:API-Gateway-Execution-Logs_j56y8ueuuc/dev",
            "id": "API-Gateway-Execution-Logs_j56y8ueuuc/dev",
            "kms_key_id": "",
            "name": "API-Gateway-Execution-Logs_j56y8ueuuc/dev",
            "name_prefix": "",
            "retention_in_days": 7,
            "skip_destroy": false,
            "tags": null,
            "tags_all": {
              "Ambiente": "QA",
              "Fecha_Creacion": "12/07/2025",
              "IaC": "Terraform",
              "Nube": "AWS",
              "Responsable": "Juan Perez"
            }
          },
          "sensitive_attributes": [],
          "identity_schema_version": 0,
          "private": "bnVsbA==",
          "dependencies": [
            "aws_api_gateway_rest_api.belcorp_api"
          ]
        }
      ]
    },
    {
      "mode": "managed",
      "type": "aws_iam_role",
      "name": "lambda_exec",
      "provider": "provider[\"registry.terraform.io/hashicorp/aws\"]",
      "instances": [
        {
          "schema_version": 0,
          "attributes": {
            "arn": "arn:aws:iam::214952093188:role/belcorp-lambda-exec-role",
            "assume_role_policy": "{\"Statement\":[{\"Action\":\"sts:AssumeRole\",\"Effect\":\"Allow\",\"Principal\":{\"Service\":\"lambda.amazonaws.com\"}}],\"Version\":\"2012-10-17\"}",
            "create_date": "2025-07-14T17:33:12Z",
            "description": "",
            "force_detach_policies": false,
            "id": "belcorp-lambda-exec-role",
            "inline_policy": [],
            "managed_policy_arns": [],
            "max_session_duration": 3600,
            "name": "belcorp-lambda-exec-role",
            "name_prefix": "",
            "path": "/",
            "permissions_boundary": null,
            "role_last_used": [
              {
                "last_used_date": "",
                "region": ""
              }
            ],
            "tags": null,
            "tags_all": {
              "Ambiente": "QA",
              "Fecha_Creacion": "12/07/2025",
              "IaC": "Terraform",
              "Nube": "AWS",
              "Responsable": "Juan Perez"
            },
            "unique_id": "AROATEDBEUYCHH34LWBDT"
          },
          "sensitive_attributes": [],
          "identity_schema_version": 0,
          "private": "bnVsbA=="
        }
      ]
    },
    {
      "mode": "managed",
      "type": "aws_iam_role_policy_attachment",
      "name": "lambda_basic_execution",
      "provider": "provider[\"registry.terraform.io/hashicorp/aws\"]",
      "instances": [
        {
          "schema_version": 0,
          "attributes": {
            "id": "belcorp-lambda-exec-role-20250714173315156400000001",
            "policy_arn": "arn:aws:iam::aws:policy/service-role/AWSLambdaBasicExecutionRole",
            "role": "belcorp-lambda-exec-role"
          },
          "sensitive_attributes": [],
          "identity_schema_version": 0,
          "private": "bnVsbA==",
          "dependencies": [
            "aws_iam_role.lambda_exec"
          ]
        }
      ]
    },
    {
      "mode": "managed",
      "type": "aws_lambda_function",
      "name": "belcorp_greeting",
      "provider": "provider[\"registry.terraform.io/hashicorp/aws\"]",
      "instances": [
        {
          "schema_version": 0,
          "attributes": {
            "architectures": [
              "x86_64"
            ],
            "arn": "arn:aws:lambda:us-west-2:214952093188:function:belcorp-greeting",
            "code_signing_config_arn": "",
            "dead_letter_config": [],
            "description": "",
            "environment": [],
            "ephemeral_storage": [
              {
                "size": 512
              }
            ],
            "file_system_config": [],
            "filename": "lambda_function.zip",
            "function_name": "belcorp-greeting",
            "handler": "handler.lambda_handler",
            "id": "belcorp-greeting",
            "image_config": [],
            "image_uri": "",
            "invoke_arn": "arn:aws:apigateway:us-west-2:lambda:path/2015-03-31/functions/arn:aws:lambda:us-west-2:214952093188:function:belcorp-greeting/invocations",
            "kms_key_arn": "",
            "last_modified": "2025-07-14T17:33:23.060+0000",
            "layers": null,
            "memory_size": 128,
            "package_type": "Zip",
            "publish": false,
            "qualified_arn": "arn:aws:lambda:us-west-2:214952093188:function:belcorp-greeting:$LATEST",
            "qualified_invoke_arn": "arn:aws:apigateway:us-west-2:lambda:path/2015-03-31/functions/arn:aws:lambda:us-west-2:214952093188:function:belcorp-greeting:$LATEST/invocations",
            "replace_security_groups_on_destroy": null,
            "replacement_security_group_ids": null,
            "reserved_concurrent_executions": -1,
            "role": "arn:aws:iam::214952093188:role/belcorp-lambda-exec-role",
            "runtime": "python3.9",
            "s3_bucket": null,
            "s3_key": null,
            "s3_object_version": null,
            "signing_job_arn": "",
            "signing_profile_version_arn": "",
            "skip_destroy": false,
            "snap_start": [],
            "source_code_hash": "+X2M9xWhjGZAl/DjvIAKhMHRxg9YeEEn+N+CK7hfKSs=",
            "source_code_size": 271,
            "tags": null,
            "tags_all": {
              "Ambiente": "QA",
              "Fecha_Creacion": "12/07/2025",
              "IaC": "Terraform",
              "Nube": "AWS",
              "Responsable": "Juan Perez"
            },
            "timeout": 10,
            "timeouts": null,
            "tracing_config": [
              {
                "mode": "PassThrough"
              }
            ],
            "version": "$LATEST",
            "vpc_config": []
          },
          "sensitive_attributes": [],
          "identity_schema_version": 0,
          "private": "eyJlMmJmYjczMC1lY2FhLTExZTYtOGY4OC0zNDM2M2JjN2M0YzAiOnsiY3JlYXRlIjo2MDAwMDAwMDAwMDAsImRlbGV0ZSI6NjAwMDAwMDAwMDAwLCJ1cGRhdGUiOjYwMDAwMDAwMDAwMH19",
          "dependencies": [
            "aws_iam_role.lambda_exec",
            "data.archive_file.lambda_zip"
          ]
        }
      ]
    },
    {
      "mode": "managed",
      "type": "aws_lambda_permission",
      "name": "apigw_lambda",
      "provider": "provider[\"registry.terraform.io/hashicorp/aws\"]",
      "instances": [
        {
          "schema_version": 0,
          "attributes": {
            "action": "lambda:InvokeFunction",
            "event_source_token": null,
            "function_name": "belcorp-greeting",
            "function_url_auth_type": null,
            "id": "AllowExecutionFromAPIGateway",
            "principal": "apigateway.amazonaws.com",
            "principal_org_id": null,
            "qualifier": "",
            "source_account": null,
            "source_arn": "arn:aws:execute-api:us-west-2:214952093188:j56y8ueuuc/*/GET/greeting",
            "statement_id": "AllowExecutionFromAPIGateway",
            "statement_id_prefix": ""
          },
          "sensitive_attributes": [],
          "identity_schema_version": 0,
          "private": "bnVsbA==",
          "dependencies": [
            "aws_api_gateway_rest_api.belcorp_api",
            "aws_iam_role.lambda_exec",
            "aws_lambda_function.belcorp_greeting",
            "data.archive_file.lambda_zip"
          ]
        }
      ]
    }
  ],
  "check_results": null
}
