{
  "version": 4,
  "terraform_version": "1.12.2",
  "serial": 71,
  "lineage": "071064e2-aa40-ed00-3ac0-3824ef51305e",
  "outputs": {
    "api_url": {
      "value": "https://tr4voz58f4.execute-api.us-west-2.amazonaws.com/dev/dev/quote",
      "type": "string"
    }
  },
  "resources": [
    {
      "module": "module.api_gateway",
      "mode": "managed",
      "type": "aws_api_gateway_deployment",
      "name": "deployment",
      "provider": "provider[\"registry.terraform.io/hashicorp/aws\"]",
      "instances": [
        {
          "schema_version": 0,
          "attributes": {
            "created_date": "2025-07-14T17:10:22Z",
            "description": "",
            "execution_arn": "arn:aws:execute-api:us-west-2:214952093188:tr4voz58f4/dev",
            "id": "ikoyjw",
            "invoke_url": "https://tr4voz58f4.execute-api.us-west-2.amazonaws.com/dev",
            "rest_api_id": "tr4voz58f4",
            "stage_description": null,
            "stage_name": "dev",
            "triggers": null,
            "variables": {
              "deployed_at": "2025-07-14T17:10:24Z"
            }
          },
          "sensitive_attributes": [],
          "identity_schema_version": 0,
          "private": "bnVsbA==",
          "dependencies": [
            "module.api_gateway.aws_api_gateway_integration.integration",
            "module.api_gateway.aws_api_gateway_method.method",
            "module.api_gateway.aws_api_gateway_resource.resource",
            "module.api_gateway.aws_api_gateway_rest_api.api",
            "module.lambda.aws_iam_role.lambda_exec",
            "module.lambda.aws_lambda_function.function",
            "module.lambda.data.archive_file.lambda_zip"
          ],
          "create_before_destroy": true
        }
      ]
    },
    {
      "module": "module.api_gateway",
      "mode": "managed",
      "type": "aws_api_gateway_integration",
      "name": "integration",
      "provider": "provider[\"registry.terraform.io/hashicorp/aws\"]",
      "instances": [
        {
          "schema_version": 0,
          "attributes": {
            "cache_key_parameters": null,
            "cache_namespace": "owj0kw",
            "connection_id": "",
            "connection_type": "INTERNET",
            "content_handling": "",
            "credentials": "",
            "http_method": "GET",
            "id": "agi-tr4voz58f4-owj0kw-GET",
            "integration_http_method": "POST",
            "passthrough_behavior": "WHEN_NO_MATCH",
            "request_parameters": null,
            "request_templates": null,
            "resource_id": "owj0kw",
            "rest_api_id": "tr4voz58f4",
            "timeout_milliseconds": 29000,
            "tls_config": [],
            "type": "AWS_PROXY",
            "uri": "arn:aws:apigateway:us-west-2:lambda:path/2015-03-31/functions/arn:aws:lambda:us-west-2:214952093188:function:quote-translator/invocations"
          },
          "sensitive_attributes": [],
          "identity_schema_version": 0,
          "private": "bnVsbA==",
          "dependencies": [
            "module.api_gateway.aws_api_gateway_method.method",
            "module.api_gateway.aws_api_gateway_resource.resource",
            "module.api_gateway.aws_api_gateway_rest_api.api",
            "module.lambda.aws_iam_role.lambda_exec",
            "module.lambda.aws_lambda_function.function",
            "module.lambda.data.archive_file.lambda_zip"
          ],
          "create_before_destroy": true
        }
      ]
    },
    {
      "module": "module.api_gateway",
      "mode": "managed",
      "type": "aws_api_gateway_method",
      "name": "method",
      "provider": "provider[\"registry.terraform.io/hashicorp/aws\"]",
      "instances": [
        {
          "schema_version": 0,
          "attributes": {
            "api_key_required": false,
            "authorization": "NONE",
            "authorization_scopes": null,
            "authorizer_id": null,
            "http_method": "GET",
            "id": "agm-tr4voz58f4-owj0kw-GET",
            "operation_name": null,
            "request_models": null,
            "request_parameters": null,
            "request_validator_id": null,
            "resource_id": "owj0kw",
            "rest_api_id": "tr4voz58f4"
          },
          "sensitive_attributes": [],
          "identity_schema_version": 0,
          "private": "bnVsbA==",
          "dependencies": [
            "module.api_gateway.aws_api_gateway_resource.resource",
            "module.api_gateway.aws_api_gateway_rest_api.api"
          ],
          "create_before_destroy": true
        }
      ]
    },
    {
      "module": "module.api_gateway",
      "mode": "managed",
      "type": "aws_api_gateway_resource",
      "name": "resource",
      "provider": "provider[\"registry.terraform.io/hashicorp/aws\"]",
      "instances": [
        {
          "schema_version": 0,
          "attributes": {
            "id": "owj0kw",
            "parent_id": "k27c5ihsyb",
            "path": "/quote",
            "path_part": "quote",
            "rest_api_id": "tr4voz58f4"
          },
          "sensitive_attributes": [],
          "identity_schema_version": 0,
          "private": "bnVsbA==",
          "dependencies": [
            "module.api_gateway.aws_api_gateway_rest_api.api"
          ],
          "create_before_destroy": true
        }
      ]
    },
    {
      "module": "module.api_gateway",
      "mode": "managed",
      "type": "aws_api_gateway_rest_api",
      "name": "api",
      "provider": "provider[\"registry.terraform.io/hashicorp/aws\"]",
      "instances": [
        {
          "schema_version": 0,
          "attributes": {
            "api_key_source": "HEADER",
            "arn": "arn:aws:apigateway:us-west-2::/restapis/tr4voz58f4",
            "binary_media_types": [],
            "body": null,
            "created_date": "2025-07-14T17:10:06Z",
            "description": "API para el servicio de traducción de citas",
            "disable_execute_api_endpoint": false,
            "endpoint_configuration": [
              {
                "types": [
                  "EDGE"
                ],
                "vpc_endpoint_ids": []
              }
            ],
            "execution_arn": "arn:aws:execute-api:us-west-2:214952093188:tr4voz58f4",
            "fail_on_warnings": null,
            "id": "tr4voz58f4",
            "minimum_compression_size": -1,
            "name": "quote-translator-api",
            "parameters": null,
            "policy": "",
            "put_rest_api_mode": null,
            "root_resource_id": "k27c5ihsyb",
            "tags": null,
            "tags_all": {
              "Ambiente": "QA",
              "Fecha_Creacion": "12/07/2025",
              "IaC": "Terraform",
              "Nube": "AWS",
              "Responsable": "Juan Perez"
            }
          },
          "sensitive_attributes": [],
          "identity_schema_version": 0,
          "private": "bnVsbA==",
          "create_before_destroy": true
        }
      ]
    },
    {
      "module": "module.lambda",
      "mode": "data",
      "type": "archive_file",
      "name": "lambda_zip",
      "provider": "provider[\"registry.terraform.io/hashicorp/archive\"]",
      "instances": [
        {
          "schema_version": 0,
          "attributes": {
            "exclude_symlink_directories": null,
            "excludes": null,
            "id": "fd54d0e000d13cdf831362022c54712300b9fc54",
            "output_base64sha256": "0Zxav2XUvxZqlnMZMBoxHBkvMXnn3Rb5jXFRNF715Yc=",
            "output_base64sha512": "wp7d7LGh9J61WCkgKFheT+az4Zw9UdSUCgiCttkDLikDrHNDdcSUBJeez9elarhAQXHR+OdUIdYyGpDlVqWJVA==",
            "output_file_mode": null,
            "output_md5": "15df0af9a0c2bc7f4d242af57886d5b8",
            "output_path": "modulos/lambda/files/quote-translator.zip",
            "output_sha": "fd54d0e000d13cdf831362022c54712300b9fc54",
            "output_sha256": "d19c5abf65d4bf166a967319301a311c192f3179e7dd16f98d7151345ef5e587",
            "output_sha512": "c29eddecb1a1f49eb558292028585e4fe6b3e19c3d51d4940a0882b6d9032e2903ac734375c49404979ecfd7a56ab8404171d1f8e75421d6321a90e556a58954",
            "output_size": 983,
            "source": [],
            "source_content": null,
            "source_content_filename": null,
            "source_dir": null,
            "source_file": "modulos/lambda/files/quote-translator.js",
            "type": "zip"
          },
          "sensitive_attributes": [],
          "identity_schema_version": 0
        }
      ]
    },
    {
      "module": "module.lambda",
      "mode": "managed",
      "type": "aws_iam_role",
      "name": "lambda_exec",
      "provider": "provider[\"registry.terraform.io/hashicorp/aws\"]",
      "instances": [
        {
          "schema_version": 0,
          "attributes": {
            "arn": "arn:aws:iam::214952093188:role/quote-translator-exec-role",
            "assume_role_policy": "{\"Statement\":[{\"Action\":\"sts:AssumeRole\",\"Effect\":\"Allow\",\"Principal\":{\"Service\":\"lambda.amazonaws.com\"}}],\"Version\":\"2012-10-17\"}",
            "create_date": "2025-07-14T17:10:06Z",
            "description": "",
            "force_detach_policies": false,
            "id": "quote-translator-exec-role",
            "inline_policy": [],
            "managed_policy_arns": [],
            "max_session_duration": 3600,
            "name": "quote-translator-exec-role",
            "name_prefix": "",
            "path": "/",
            "permissions_boundary": null,
            "role_last_used": [
              {
                "last_used_date": "",
                "region": ""
              }
            ],
            "tags": null,
            "tags_all": {
              "Ambiente": "QA",
              "Fecha_Creacion": "12/07/2025",
              "IaC": "Terraform",
              "Nube": "AWS",
              "Responsable": "Juan Perez"
            },
            "unique_id": "AROATEDBEUYCNEOCGQTJB"
          },
          "sensitive_attributes": [],
          "identity_schema_version": 0,
          "private": "bnVsbA==",
          "create_before_destroy": true
        }
      ]
    },
    {
      "module": "module.lambda",
      "mode": "managed",
      "type": "aws_iam_role_policy",
      "name": "lambda_translate",
      "provider": "provider[\"registry.terraform.io/hashicorp/aws\"]",
      "instances": [
        {
          "schema_version": 0,
          "attributes": {
            "id": "quote-translator-exec-role:quote-translator-translate-policy",
            "name": "quote-translator-translate-policy",
            "name_prefix": null,
            "policy": "{\"Version\":\"2012-10-17\",\"Statement\":[{\"Action\":[\"translate:TranslateText\"],\"Effect\":\"Allow\",\"Resource\":\"*\"}]}",
            "role": "quote-translator-exec-role"
          },
          "sensitive_attributes": [],
          "identity_schema_version": 0,
          "private": "bnVsbA==",
          "dependencies": [
            "module.lambda.aws_iam_role.lambda_exec"
          ]
        }
      ]
    },
    {
      "module": "module.lambda",
      "mode": "managed",
      "type": "aws_iam_role_policy_attachment",
      "name": "lambda_basic_execution",
      "provider": "provider[\"registry.terraform.io/hashicorp/aws\"]",
      "instances": [
        {
          "schema_version": 0,
          "attributes": {
            "id": "quote-translator-exec-role-20250714171008302400000001",
            "policy_arn": "arn:aws:iam::aws:policy/service-role/AWSLambdaBasicExecutionRole",
            "role": "quote-translator-exec-role"
          },
          "sensitive_attributes": [],
          "identity_schema_version": 0,
          "private": "bnVsbA==",
          "dependencies": [
            "module.lambda.aws_iam_role.lambda_exec"
          ]
        }
      ]
    },
    {
      "module": "module.lambda",
      "mode": "managed",
      "type": "aws_lambda_function",
      "name": "function",
      "provider": "provider[\"registry.terraform.io/hashicorp/aws\"]",
      "instances": [
        {
          "schema_version": 0,
          "attributes": {
            "architectures": [
              "x86_64"
            ],
            "arn": "arn:aws:lambda:us-west-2:214952093188:function:quote-translator",
            "code_signing_config_arn": "",
            "dead_letter_config": [],
            "description": "",
            "environment": [
              {
                "variables": {
                  "NODE_ENV": "dev"
                }
              }
            ],
            "ephemeral_storage": [
              {
                "size": 512
              }
            ],
            "file_system_config": [],
            "filename": "modulos/lambda/files/quote-translator.zip",
            "function_name": "quote-translator",
            "handler": "quote-translator.handler",
            "id": "quote-translator",
            "image_config": [],
            "image_uri": "",
            "invoke_arn": "arn:aws:apigateway:us-west-2:lambda:path/2015-03-31/functions/arn:aws:lambda:us-west-2:214952093188:function:quote-translator/invocations",
            "kms_key_arn": "",
            "last_modified": "2025-07-14T17:10:15.937+0000",
            "layers": null,
            "memory_size": 512,
            "package_type": "Zip",
            "publish": false,
            "qualified_arn": "arn:aws:lambda:us-west-2:214952093188:function:quote-translator:$LATEST",
            "qualified_invoke_arn": "arn:aws:apigateway:us-west-2:lambda:path/2015-03-31/functions/arn:aws:lambda:us-west-2:214952093188:function:quote-translator:$LATEST/invocations",
            "replace_security_groups_on_destroy": null,
            "replacement_security_group_ids": null,
            "reserved_concurrent_executions": -1,
            "role": "arn:aws:iam::214952093188:role/quote-translator-exec-role",
            "runtime": "nodejs18.x",
            "s3_bucket": null,
            "s3_key": null,
            "s3_object_version": null,
            "signing_job_arn": "",
            "signing_profile_version_arn": "",
            "skip_destroy": false,
            "snap_start": [],
            "source_code_hash": "0Zxav2XUvxZqlnMZMBoxHBkvMXnn3Rb5jXFRNF715Yc=",
            "source_code_size": 983,
            "tags": null,
            "tags_all": {
              "Ambiente": "QA",
              "Fecha_Creacion": "12/07/2025",
              "IaC": "Terraform",
              "Nube": "AWS",
              "Responsable": "Juan Perez"
            },
            "timeout": 15,
            "timeouts": null,
            "tracing_config": [
              {
                "mode": "PassThrough"
              }
            ],
            "version": "$LATEST",
            "vpc_config": []
          },
          "sensitive_attributes": [],
          "identity_schema_version": 0,
          "private": "eyJlMmJmYjczMC1lY2FhLTExZTYtOGY4OC0zNDM2M2JjN2M0YzAiOnsiY3JlYXRlIjo2MDAwMDAwMDAwMDAsImRlbGV0ZSI6NjAwMDAwMDAwMDAwLCJ1cGRhdGUiOjYwMDAwMDAwMDAwMH19",
          "dependencies": [
            "module.lambda.aws_iam_role.lambda_exec",
            "module.lambda.data.archive_file.lambda_zip"
          ],
          "create_before_destroy": true
        }
      ]
    },
    {
      "module": "module.lambda",
      "mode": "managed",
      "type": "aws_lambda_permission",
      "name": "apigw",
      "provider": "provider[\"registry.terraform.io/hashicorp/aws\"]",
      "instances": [
        {
          "schema_version": 0,
          "attributes": {
            "action": "lambda:InvokeFunction",
            "event_source_token": null,
            "function_name": "quote-translator",
            "function_url_auth_type": null,
            "id": "AllowAPIGatewayInvoke",
            "principal": "apigateway.amazonaws.com",
            "principal_org_id": null,
            "qualifier": "",
            "source_account": null,
            "source_arn": "arn:aws:execute-api:us-west-2:214952093188:tr4voz58f4/*/*/*",
            "statement_id": "AllowAPIGatewayInvoke",
            "statement_id_prefix": ""
          },
          "sensitive_attributes": [],
          "identity_schema_version": 0,
          "private": "bnVsbA==",
          "dependencies": [
            "module.api_gateway.aws_api_gateway_rest_api.api",
            "module.lambda.aws_iam_role.lambda_exec",
            "module.lambda.aws_lambda_function.function",
            "module.lambda.data.archive_file.lambda_zip"
          ]
        }
      ]
    },
    {
      "module": "module.monitoring",
      "mode": "managed",
      "type": "aws_cloudwatch_dashboard",
      "name": "api_dashboard",
      "provider": "provider[\"registry.terraform.io/hashicorp/aws\"]",
      "instances": [
        {
          "schema_version": 0,
          "attributes": {
            "dashboard_arn": "arn:aws:cloudwatch::214952093188:dashboard/quote-translator-api-dashboard",
            "dashboard_body": "{\"widgets\":[{\"height\":6,\"properties\":{\"metrics\":[[\"AWS/ApiGateway\",\"4XXError\",\"ApiName\",\"quote-translator-api\",\"Stage\",\"dev\",{\"period\":300,\"stat\":\"Sum\"}],[\"AWS/ApiGateway\",\"5XXError\",\"ApiName\",\"quote-translator-api\",\"Stage\",\"dev\",{\"period\":300,\"stat\":\"Sum\"}]],\"period\":300,\"region\":\"us-west-2\",\"stat\":\"Sum\",\"title\":\"Errores API\"},\"type\":\"metric\",\"width\":12,\"x\":0,\"y\":0},{\"height\":6,\"properties\":{\"metrics\":[[\"AWS/ApiGateway\",\"Count\",\"ApiName\",\"quote-translator-api\",\"Stage\",\"dev\",{\"period\":300,\"stat\":\"Sum\"}]],\"period\":300,\"region\":\"us-west-2\",\"stat\":\"Sum\",\"title\":\"Total de peticiones\"},\"type\":\"metric\",\"width\":12,\"x\":12,\"y\":0},{\"height\":6,\"properties\":{\"metrics\":[[\"AWS/ApiGateway\",\"Latency\",\"ApiName\",\"quote-translator-api\",\"Stage\",\"dev\",{\"period\":300,\"stat\":\"Average\"}]],\"period\":300,\"region\":\"us-west-2\",\"stat\":\"Average\",\"title\":\"Latencia promedio (ms)\"},\"type\":\"metric\",\"width\":12,\"x\":0,\"y\":6}]}",
            "dashboard_name": "quote-translator-api-dashboard",
            "id": "quote-translator-api-dashboard"
          },
          "sensitive_attributes": [],
          "identity_schema_version": 0,
          "private": "bnVsbA=="
        }
      ]
    },
    {
      "module": "module.monitoring",
      "mode": "managed",
      "type": "aws_cloudwatch_log_group",
      "name": "api_gateway",
      "provider": "provider[\"registry.terraform.io/hashicorp/aws\"]",
      "instances": [
        {
          "schema_version": 0,
          "attributes": {
            "arn": "arn:aws:logs:us-west-2:214952093188:log-group:API-Gateway-Execution-Logs_quote-translator-api/dev",
            "id": "API-Gateway-Execution-Logs_quote-translator-api/dev",
            "kms_key_id": "",
            "name": "API-Gateway-Execution-Logs_quote-translator-api/dev",
            "name_prefix": "",
            "retention_in_days": 30,
            "skip_destroy": false,
            "tags": null,
            "tags_all": {
              "Ambiente": "QA",
              "Fecha_Creacion": "12/07/2025",
              "IaC": "Terraform",
              "Nube": "AWS",
              "Responsable": "Juan Perez"
            }
          },
          "sensitive_attributes": [],
          "identity_schema_version": 0,
          "private": "bnVsbA=="
        }
      ]
    },
    {
      "module": "module.monitoring",
      "mode": "managed",
      "type": "aws_cloudwatch_metric_alarm",
      "name": "api_4xx_errors",
      "provider": "provider[\"registry.terraform.io/hashicorp/aws\"]",
      "instances": [
        {
          "schema_version": 1,
          "attributes": {
            "actions_enabled": true,
            "alarm_actions": null,
            "alarm_description": "Alarma para errores 4XX en el API Gateway",
            "alarm_name": "quote-translator-api-4xx-errors",
            "arn": "arn:aws:cloudwatch:us-west-2:214952093188:alarm:quote-translator-api-4xx-errors",
            "comparison_operator": "GreaterThanThreshold",
            "datapoints_to_alarm": 0,
            "dimensions": {
              "ApiName": "quote-translator-api",
              "Stage": "dev"
            },
            "evaluate_low_sample_count_percentiles": "",
            "evaluation_periods": 1,
            "extended_statistic": "",
            "id": "quote-translator-api-4xx-errors",
            "insufficient_data_actions": null,
            "metric_name": "4XXError",
            "metric_query": [],
            "namespace": "AWS/ApiGateway",
            "ok_actions": null,
            "period": 300,
            "statistic": "Sum",
            "tags": null,
            "tags_all": {
              "Ambiente": "QA",
              "Fecha_Creacion": "12/07/2025",
              "IaC": "Terraform",
              "Nube": "AWS",
              "Responsable": "Juan Perez"
            },
            "threshold": 5,
            "threshold_metric_id": "",
            "treat_missing_data": "notBreaching",
            "unit": ""
          },
          "sensitive_attributes": [],
          "identity_schema_version": 0,
          "private": "eyJzY2hlbWFfdmVyc2lvbiI6IjEifQ=="
        }
      ]
    },
    {
      "module": "module.monitoring",
      "mode": "managed",
      "type": "aws_cloudwatch_metric_alarm",
      "name": "api_5xx_errors",
      "provider": "provider[\"registry.terraform.io/hashicorp/aws\"]",
      "instances": [
        {
          "schema_version": 1,
          "attributes": {
            "actions_enabled": true,
            "alarm_actions": null,
            "alarm_description": "Alarma para errores 5XX en el API Gateway",
            "alarm_name": "quote-translator-api-5xx-errors",
            "arn": "arn:aws:cloudwatch:us-west-2:214952093188:alarm:quote-translator-api-5xx-errors",
            "comparison_operator": "GreaterThanThreshold",
            "datapoints_to_alarm": 0,
            "dimensions": {
              "ApiName": "quote-translator-api",
              "Stage": "dev"
            },
            "evaluate_low_sample_count_percentiles": "",
            "evaluation_periods": 1,
            "extended_statistic": "",
            "id": "quote-translator-api-5xx-errors",
            "insufficient_data_actions": null,
            "metric_name": "5XXError",
            "metric_query": [],
            "namespace": "AWS/ApiGateway",
            "ok_actions": null,
            "period": 300,
            "statistic": "Sum",
            "tags": null,
            "tags_all": {
              "Ambiente": "QA",
              "Fecha_Creacion": "12/07/2025",
              "IaC": "Terraform",
              "Nube": "AWS",
              "Responsable": "Juan Perez"
            },
            "threshold": 1,
            "threshold_metric_id": "",
            "treat_missing_data": "notBreaching",
            "unit": ""
          },
          "sensitive_attributes": [],
          "identity_schema_version": 0,
          "private": "eyJzY2hlbWFfdmVyc2lvbiI6IjEifQ=="
        }
      ]
    }
  ],
  "check_results": null
}
