{
  "version": 4,
  "terraform_version": "1.12.2",
  "serial": 18,
  "lineage": "1012089e-c1e8-16f3-ec5b-c6236957ef80",
  "outputs": {
    "private_subnet_ids": {
      "value": {
        "priv-subnet-1": "subnet-06f29ec326506fcf1",
        "priv-subnet-2": "subnet-0dbee9a8082b3434e",
        "priv-subnet-3": "subnet-031d0f18bfce34717",
        "priv-subnet-4": "subnet-067b6894361cb868a"
      },
      "type": [
        "object",
        {
          "priv-subnet-1": "string",
          "priv-subnet-2": "string",
          "priv-subnet-3": "string",
          "priv-subnet-4": "string"
        }
      ]
    },
    "public_subnet_ids": {
      "value": {
        "pub-subnet-1": "subnet-0b7ebf9c8022403e4",
        "pub-subnet-2": "subnet-09c141eb4a11fc961"
      },
      "type": [
        "object",
        {
          "pub-subnet-1": "string",
          "pub-subnet-2": "string"
        }
      ]
    },
    "vpc_cidr": {
      "value": "20.20.0.0/16",
      "type": "string"
    },
    "vpn_id": {
      "value": "vpc-035b2dbdcbf59ff52",
      "type": "string"
    }
  },
  "resources": [
    {
      "module": "module.subnet",
      "mode": "managed",
      "type": "aws_subnet",
      "name": "private",
      "provider": "provider[\"registry.terraform.io/hashicorp/aws\"]",
      "instances": [
        {
          "index_key": "priv-subnet-1",
          "schema_version": 1,
          "attributes": {
            "arn": "arn:aws:ec2:us-west-2:214952093188:subnet/subnet-06f29ec326506fcf1",
            "assign_ipv6_address_on_creation": false,
            "availability_zone": "us-west-2a",
            "availability_zone_id": "usw2-az1",
            "cidr_block": "20.20.2.0/24",
            "customer_owned_ipv4_pool": "",
            "enable_dns64": false,
            "enable_lni_at_device_index": 0,
            "enable_resource_name_dns_a_record_on_launch": false,
            "enable_resource_name_dns_aaaa_record_on_launch": false,
            "id": "subnet-06f29ec326506fcf1",
            "ipv6_cidr_block": "",
            "ipv6_cidr_block_association_id": "",
            "ipv6_native": false,
            "map_customer_owned_ip_on_launch": false,
            "map_public_ip_on_launch": false,
            "outpost_arn": "",
            "owner_id": "214952093188",
            "private_dns_hostname_type_on_launch": "ip-name",
            "tags": {
              "Name": "priv-subnet-1-us-west-2a",
              "Type": "private"
            },
            "tags_all": {
              "Ambiente": "QA",
              "Fecha_Creacion": "12/07/2025",
              "IaC": "Terraform",
              "Name": "priv-subnet-1-us-west-2a",
              "Nube": "AWS",
              "Responsable": "Juan Perez",
              "Type": "private"
            },
            "timeouts": null,
            "vpc_id": "vpc-035b2dbdcbf59ff52"
          },
          "sensitive_attributes": [],
          "identity_schema_version": 0,
          "private": "eyJlMmJmYjczMC1lY2FhLTExZTYtOGY4OC0zNDM2M2JjN2M0YzAiOnsiY3JlYXRlIjo2MDAwMDAwMDAwMDAsImRlbGV0ZSI6MTIwMDAwMDAwMDAwMH0sInNjaGVtYV92ZXJzaW9uIjoiMSJ9",
          "dependencies": [
            "module.vpc.aws_vpc.vpc_proyecto_server"
          ]
        },
        {
          "index_key": "priv-subnet-2",
          "schema_version": 1,
          "attributes": {
            "arn": "arn:aws:ec2:us-west-2:214952093188:subnet/subnet-0dbee9a8082b3434e",
            "assign_ipv6_address_on_creation": false,
            "availability_zone": "us-west-2a",
            "availability_zone_id": "usw2-az1",
            "cidr_block": "20.20.3.0/24",
            "customer_owned_ipv4_pool": "",
            "enable_dns64": false,
            "enable_lni_at_device_index": 0,
            "enable_resource_name_dns_a_record_on_launch": false,
            "enable_resource_name_dns_aaaa_record_on_launch": false,
            "id": "subnet-0dbee9a8082b3434e",
            "ipv6_cidr_block": "",
            "ipv6_cidr_block_association_id": "",
            "ipv6_native": false,
            "map_customer_owned_ip_on_launch": false,
            "map_public_ip_on_launch": false,
            "outpost_arn": "",
            "owner_id": "214952093188",
            "private_dns_hostname_type_on_launch": "ip-name",
            "tags": {
              "Name": "priv-subnet-2-us-west-2a",
              "Type": "private"
            },
            "tags_all": {
              "Ambiente": "QA",
              "Fecha_Creacion": "12/07/2025",
              "IaC": "Terraform",
              "Name": "priv-subnet-2-us-west-2a",
              "Nube": "AWS",
              "Responsable": "Juan Perez",
              "Type": "private"
            },
            "timeouts": null,
            "vpc_id": "vpc-035b2dbdcbf59ff52"
          },
          "sensitive_attributes": [],
          "identity_schema_version": 0,
          "private": "eyJlMmJmYjczMC1lY2FhLTExZTYtOGY4OC0zNDM2M2JjN2M0YzAiOnsiY3JlYXRlIjo2MDAwMDAwMDAwMDAsImRlbGV0ZSI6MTIwMDAwMDAwMDAwMH0sInNjaGVtYV92ZXJzaW9uIjoiMSJ9",
          "dependencies": [
            "module.vpc.aws_vpc.vpc_proyecto_server"
          ]
        },
        {
          "index_key": "priv-subnet-3",
          "schema_version": 1,
          "attributes": {
            "arn": "arn:aws:ec2:us-west-2:214952093188:subnet/subnet-031d0f18bfce34717",
            "assign_ipv6_address_on_creation": false,
            "availability_zone": "us-west-2b",
            "availability_zone_id": "usw2-az2",
            "cidr_block": "20.20.5.0/24",
            "customer_owned_ipv4_pool": "",
            "enable_dns64": false,
            "enable_lni_at_device_index": 0,
            "enable_resource_name_dns_a_record_on_launch": false,
            "enable_resource_name_dns_aaaa_record_on_launch": false,
            "id": "subnet-031d0f18bfce34717",
            "ipv6_cidr_block": "",
            "ipv6_cidr_block_association_id": "",
            "ipv6_native": false,
            "map_customer_owned_ip_on_launch": false,
            "map_public_ip_on_launch": false,
            "outpost_arn": "",
            "owner_id": "214952093188",
            "private_dns_hostname_type_on_launch": "ip-name",
            "tags": {
              "Name": "priv-subnet-3-us-west-2b",
              "Type": "private"
            },
            "tags_all": {
              "Ambiente": "QA",
              "Fecha_Creacion": "12/07/2025",
              "IaC": "Terraform",
              "Name": "priv-subnet-3-us-west-2b",
              "Nube": "AWS",
              "Responsable": "Juan Perez",
              "Type": "private"
            },
            "timeouts": null,
            "vpc_id": "vpc-035b2dbdcbf59ff52"
          },
          "sensitive_attributes": [],
          "identity_schema_version": 0,
          "private": "eyJlMmJmYjczMC1lY2FhLTExZTYtOGY4OC0zNDM2M2JjN2M0YzAiOnsiY3JlYXRlIjo2MDAwMDAwMDAwMDAsImRlbGV0ZSI6MTIwMDAwMDAwMDAwMH0sInNjaGVtYV92ZXJzaW9uIjoiMSJ9",
          "dependencies": [
            "module.vpc.aws_vpc.vpc_proyecto_server"
          ]
        },
        {
          "index_key": "priv-subnet-4",
          "schema_version": 1,
          "attributes": {
            "arn": "arn:aws:ec2:us-west-2:214952093188:subnet/subnet-067b6894361cb868a",
            "assign_ipv6_address_on_creation": false,
            "availability_zone": "us-west-2b",
            "availability_zone_id": "usw2-az2",
            "cidr_block": "20.20.6.0/24",
            "customer_owned_ipv4_pool": "",
            "enable_dns64": false,
            "enable_lni_at_device_index": 0,
            "enable_resource_name_dns_a_record_on_launch": false,
            "enable_resource_name_dns_aaaa_record_on_launch": false,
            "id": "subnet-067b6894361cb868a",
            "ipv6_cidr_block": "",
            "ipv6_cidr_block_association_id": "",
            "ipv6_native": false,
            "map_customer_owned_ip_on_launch": false,
            "map_public_ip_on_launch": false,
            "outpost_arn": "",
            "owner_id": "214952093188",
            "private_dns_hostname_type_on_launch": "ip-name",
            "tags": {
              "Name": "priv-subnet-4-us-west-2b",
              "Type": "private"
            },
            "tags_all": {
              "Ambiente": "QA",
              "Fecha_Creacion": "12/07/2025",
              "IaC": "Terraform",
              "Name": "priv-subnet-4-us-west-2b",
              "Nube": "AWS",
              "Responsable": "Juan Perez",
              "Type": "private"
            },
            "timeouts": null,
            "vpc_id": "vpc-035b2dbdcbf59ff52"
          },
          "sensitive_attributes": [],
          "identity_schema_version": 0,
          "private": "eyJlMmJmYjczMC1lY2FhLTExZTYtOGY4OC0zNDM2M2JjN2M0YzAiOnsiY3JlYXRlIjo2MDAwMDAwMDAwMDAsImRlbGV0ZSI6MTIwMDAwMDAwMDAwMH0sInNjaGVtYV92ZXJzaW9uIjoiMSJ9",
          "dependencies": [
            "module.vpc.aws_vpc.vpc_proyecto_server"
          ]
        }
      ]
    },
    {
      "module": "module.subnet",
      "mode": "managed",
      "type": "aws_subnet",
      "name": "public",
      "provider": "provider[\"registry.terraform.io/hashicorp/aws\"]",
      "instances": [
        {
          "index_key": "pub-subnet-1",
          "schema_version": 1,
          "attributes": {
            "arn": "arn:aws:ec2:us-west-2:214952093188:subnet/subnet-0b7ebf9c8022403e4",
            "assign_ipv6_address_on_creation": false,
            "availability_zone": "us-west-2a",
            "availability_zone_id": "usw2-az1",
            "cidr_block": "20.20.1.0/24",
            "customer_owned_ipv4_pool": "",
            "enable_dns64": false,
            "enable_lni_at_device_index": 0,
            "enable_resource_name_dns_a_record_on_launch": false,
            "enable_resource_name_dns_aaaa_record_on_launch": false,
            "id": "subnet-0b7ebf9c8022403e4",
            "ipv6_cidr_block": "",
            "ipv6_cidr_block_association_id": "",
            "ipv6_native": false,
            "map_customer_owned_ip_on_launch": false,
            "map_public_ip_on_launch": true,
            "outpost_arn": "",
            "owner_id": "214952093188",
            "private_dns_hostname_type_on_launch": "ip-name",
            "tags": {
              "Name": "pub-subnet-1-us-west-2a",
              "Type": "public"
            },
            "tags_all": {
              "Ambiente": "QA",
              "Fecha_Creacion": "12/07/2025",
              "IaC": "Terraform",
              "Name": "pub-subnet-1-us-west-2a",
              "Nube": "AWS",
              "Responsable": "Juan Perez",
              "Type": "public"
            },
            "timeouts": null,
            "vpc_id": "vpc-035b2dbdcbf59ff52"
          },
          "sensitive_attributes": [],
          "identity_schema_version": 0,
          "private": "eyJlMmJmYjczMC1lY2FhLTExZTYtOGY4OC0zNDM2M2JjN2M0YzAiOnsiY3JlYXRlIjo2MDAwMDAwMDAwMDAsImRlbGV0ZSI6MTIwMDAwMDAwMDAwMH0sInNjaGVtYV92ZXJzaW9uIjoiMSJ9",
          "dependencies": [
            "module.vpc.aws_vpc.vpc_proyecto_server"
          ]
        },
        {
          "index_key": "pub-subnet-2",
          "schema_version": 1,
          "attributes": {
            "arn": "arn:aws:ec2:us-west-2:214952093188:subnet/subnet-09c141eb4a11fc961",
            "assign_ipv6_address_on_creation": false,
            "availability_zone": "us-west-2b",
            "availability_zone_id": "usw2-az2",
            "cidr_block": "20.20.4.0/24",
            "customer_owned_ipv4_pool": "",
            "enable_dns64": false,
            "enable_lni_at_device_index": 0,
            "enable_resource_name_dns_a_record_on_launch": false,
            "enable_resource_name_dns_aaaa_record_on_launch": false,
            "id": "subnet-09c141eb4a11fc961",
            "ipv6_cidr_block": "",
            "ipv6_cidr_block_association_id": "",
            "ipv6_native": false,
            "map_customer_owned_ip_on_launch": false,
            "map_public_ip_on_launch": true,
            "outpost_arn": "",
            "owner_id": "214952093188",
            "private_dns_hostname_type_on_launch": "ip-name",
            "tags": {
              "Name": "pub-subnet-2-us-west-2b",
              "Type": "public"
            },
            "tags_all": {
              "Ambiente": "QA",
              "Fecha_Creacion": "12/07/2025",
              "IaC": "Terraform",
              "Name": "pub-subnet-2-us-west-2b",
              "Nube": "AWS",
              "Responsable": "Juan Perez",
              "Type": "public"
            },
            "timeouts": null,
            "vpc_id": "vpc-035b2dbdcbf59ff52"
          },
          "sensitive_attributes": [],
          "identity_schema_version": 0,
          "private": "eyJlMmJmYjczMC1lY2FhLTExZTYtOGY4OC0zNDM2M2JjN2M0YzAiOnsiY3JlYXRlIjo2MDAwMDAwMDAwMDAsImRlbGV0ZSI6MTIwMDAwMDAwMDAwMH0sInNjaGVtYV92ZXJzaW9uIjoiMSJ9",
          "dependencies": [
            "module.vpc.aws_vpc.vpc_proyecto_server"
          ]
        }
      ]
    },
    {
      "module": "module.vpc",
      "mode": "managed",
      "type": "aws_vpc",
      "name": "vpc_proyecto_server",
      "provider": "provider[\"registry.terraform.io/hashicorp/aws\"]",
      "instances": [
        {
          "schema_version": 1,
          "attributes": {
            "arn": "arn:aws:ec2:us-west-2:214952093188:vpc/vpc-035b2dbdcbf59ff52",
            "assign_generated_ipv6_cidr_block": false,
            "cidr_block": "20.20.0.0/16",
            "default_network_acl_id": "acl-0f8cd015279a712b2",
            "default_route_table_id": "rtb-0ed2c442a88d0bd5b",
            "default_security_group_id": "sg-09f2415b07a0d6a4f",
            "dhcp_options_id": "dopt-b540e7cd",
            "enable_classiclink": false,
            "enable_classiclink_dns_support": false,
            "enable_dns_hostnames": true,
            "enable_dns_support": true,
            "enable_network_address_usage_metrics": false,
            "id": "vpc-035b2dbdcbf59ff52",
            "instance_tenancy": "default",
            "ipv4_ipam_pool_id": null,
            "ipv4_netmask_length": null,
            "ipv6_association_id": "",
            "ipv6_cidr_block": "",
            "ipv6_cidr_block_network_border_group": "",
            "ipv6_ipam_pool_id": "",
            "ipv6_netmask_length": 0,
            "main_route_table_id": "rtb-0ed2c442a88d0bd5b",
            "owner_id": "214952093188",
            "tags": {
              "Name": "vpc_proyecto_server",
              "cidr": "20.20.0.0/16"
            },
            "tags_all": {
              "Ambiente": "QA",
              "Fecha_Creacion": "12/07/2025",
              "IaC": "Terraform",
              "Name": "vpc_proyecto_server",
              "Nube": "AWS",
              "Responsable": "Juan Perez",
              "cidr": "20.20.0.0/16"
            }
          },
          "sensitive_attributes": [],
          "identity_schema_version": 0,
          "private": "eyJzY2hlbWFfdmVyc2lvbiI6IjEifQ=="
        }
      ]
    }
  ],
  "check_results": null
}
