{
  "version": 4,
  "terraform_version": "1.6.6",
  "serial": 3,
  "lineage": "8258aa79-ca00-9676-4073-0714cbc18a17",
  "outputs": {},
  "resources": [
    {
      "mode": "managed",
      "type": "aws_vpc",
      "name": "vpc_ueast_1_QA",
      "provider": "provider[\"registry.terraform.io/hashicorp/aws\"]",
      "instances": [
        {
          "schema_version": 1,
          "attributes": {
            "arn": "arn:aws:ec2:us-east-1:214952093188:vpc/vpc-0c8b1c5c6d97f3cca",
            "assign_generated_ipv6_cidr_block": false,
            "cidr_block": "10.10.0.0/16",
            "default_network_acl_id": "acl-04d91e7b250667bc3",
            "default_route_table_id": "rtb-08273ed67e97ee580",
            "default_security_group_id": "sg-0d2f012394fb92ae5",
            "dhcp_options_id": "dopt-f9f8c782",
            "enable_classiclink": false,
            "enable_classiclink_dns_support": false,
            "enable_dns_hostnames": false,
            "enable_dns_support": true,
            "enable_network_address_usage_metrics": false,
            "id": "vpc-0c8b1c5c6d97f3cca",
            "instance_tenancy": "default",
            "ipv4_ipam_pool_id": null,
            "ipv4_netmask_length": null,
            "ipv6_association_id": "",
            "ipv6_cidr_block": "",
            "ipv6_cidr_block_network_border_group": "",
            "ipv6_ipam_pool_id": "",
            "ipv6_netmask_length": 0,
            "main_route_table_id": "rtb-08273ed67e97ee580",
            "owner_id": "214952093188",
            "tags": {
              "Ambiente": "QA",
              "Descripcion": "Creación VPC con terraform",
              "Fecha": "07/10/2024",
              "Name": "VPC-Virgina-01",
              "Responsable": "MGA"
            },
            "tags_all": {
              "Ambiente": "QA",
              "Descripcion": "Creación VPC con terraform",
              "Fecha": "07/10/2024",
              "Name": "VPC-Virgina-01",
              "Responsable": "MGA"
            }
          },
          "sensitive_attributes": [],
          "private": "eyJzY2hlbWFfdmVyc2lvbiI6IjEifQ=="
        }
      ]
    },
    {
      "mode": "managed",
      "type": "aws_vpc",
      "name": "vpc_ueast_2_QA",
      "provider": "provider[\"registry.terraform.io/hashicorp/aws\"].ohio",
      "instances": [
        {
          "schema_version": 1,
          "attributes": {
            "arn": "arn:aws:ec2:us-east-2:214952093188:vpc/vpc-08ff654234f54eafe",
            "assign_generated_ipv6_cidr_block": false,
            "cidr_block": "20.20.0.0/16",
            "default_network_acl_id": "acl-05e1954f01c47a81b",
            "default_route_table_id": "rtb-0db5c7d5c29e551e4",
            "default_security_group_id": "sg-0bb439f5af9aa2383",
            "dhcp_options_id": "dopt-a92bdbc2",
            "enable_classiclink": false,
            "enable_classiclink_dns_support": false,
            "enable_dns_hostnames": false,
            "enable_dns_support": true,
            "enable_network_address_usage_metrics": false,
            "id": "vpc-08ff654234f54eafe",
            "instance_tenancy": "default",
            "ipv4_ipam_pool_id": null,
            "ipv4_netmask_length": null,
            "ipv6_association_id": "",
            "ipv6_cidr_block": "",
            "ipv6_cidr_block_network_border_group": "",
            "ipv6_ipam_pool_id": "",
            "ipv6_netmask_length": 0,
            "main_route_table_id": "rtb-0db5c7d5c29e551e4",
            "owner_id": "214952093188",
            "tags": {
              "Ambiente": "QA",
              "Descripcion": "Creación VPC con terraform",
              "Fecha": "07/10/2024",
              "Name": "VPC-Ohio-01",
              "Responsable": "MGA"
            },
            "tags_all": {
              "Ambiente": "QA",
              "Descripcion": "Creación VPC con terraform",
              "Fecha": "07/10/2024",
              "Name": "VPC-Ohio-01",
              "Responsable": "MGA"
            }
          },
          "sensitive_attributes": [],
          "private": "eyJzY2hlbWFfdmVyc2lvbiI6IjEifQ=="
        }
      ]
    }
  ],
  "check_results": null
}
