{
  "version": 4,
  "terraform_version": "1.12.2",
  "serial": 37,
  "lineage": "4389d1df-cb82-aa1c-8d7c-6ea196549f46",
  "outputs": {
    "api_url": {
      "value": "https://648yn46omf.execute-api.us-west-2.amazonaws.com/dev/greeting",
      "type": "string"
    },
    "dashboard_url": {
      "value": "https://console.aws.amazon.com/cloudwatch/home?region=us-west-2#dashboards:name=belcorp-greeting-api-dashboard",
      "type": "string"
    },
    "lambda_function_name": {
      "value": "belcorp-greeting",
      "type": "string"
    }
  },
  "resources": [
    {
      "module": "module.api_gateway",
      "mode": "managed",
      "type": "aws_api_gateway_deployment",
      "name": "deployment",
      "provider": "provider[\"registry.terraform.io/hashicorp/aws\"]",
      "instances": [
        {
          "schema_version": 0,
          "attributes": {
            "created_date": "2025-07-14T18:47:03Z",
            "description": "",
            "execution_arn": "arn:aws:execute-api:us-west-2:214952093188:648yn46omf/dev",
            "id": "e04en5",
            "invoke_url": "https://648yn46omf.execute-api.us-west-2.amazonaws.com/dev",
            "rest_api_id": "648yn46omf",
            "stage_description": null,
            "stage_name": "dev",
            "triggers": null,
            "variables": {
              "deployed_at": "2025-07-14T18:47:04Z"
            }
          },
          "sensitive_attributes": [],
          "identity_schema_version": 0,
          "private": "bnVsbA==",
          "dependencies": [
            "module.api_gateway.aws_api_gateway_integration.integration",
            "module.api_gateway.aws_api_gateway_method.method",
            "module.api_gateway.aws_api_gateway_resource.resource",
            "module.api_gateway.aws_api_gateway_rest_api.api",
            "module.lambda.aws_iam_role.lambda_exec",
            "module.lambda.aws_lambda_function.function",
            "module.lambda.data.archive_file.lambda_zip"
          ]
        }
      ]
    },
    {
      "module": "module.api_gateway",
      "mode": "managed",
      "type": "aws_api_gateway_integration",
      "name": "integration",
      "provider": "provider[\"registry.terraform.io/hashicorp/aws\"]",
      "instances": [
        {
          "schema_version": 0,
          "attributes": {
            "cache_key_parameters": null,
            "cache_namespace": "ggjrf7",
            "connection_id": "",
            "connection_type": "INTERNET",
            "content_handling": "",
            "credentials": "",
            "http_method": "GET",
            "id": "agi-648yn46omf-ggjrf7-GET",
            "integration_http_method": "POST",
            "passthrough_behavior": "WHEN_NO_MATCH",
            "request_parameters": null,
            "request_templates": null,
            "resource_id": "ggjrf7",
            "rest_api_id": "648yn46omf",
            "timeout_milliseconds": 29000,
            "tls_config": [],
            "type": "AWS_PROXY",
            "uri": "arn:aws:apigateway:us-west-2:lambda:path/2015-03-31/functions/arn:aws:lambda:us-west-2:214952093188:function:belcorp-greeting/invocations"
          },
          "sensitive_attributes": [],
          "identity_schema_version": 0,
          "private": "bnVsbA==",
          "dependencies": [
            "module.api_gateway.aws_api_gateway_method.method",
            "module.api_gateway.aws_api_gateway_resource.resource",
            "module.api_gateway.aws_api_gateway_rest_api.api",
            "module.lambda.aws_iam_role.lambda_exec",
            "module.lambda.aws_lambda_function.function",
            "module.lambda.data.archive_file.lambda_zip"
          ]
        }
      ]
    },
    {
      "module": "module.api_gateway",
      "mode": "managed",
      "type": "aws_api_gateway_method",
      "name": "method",
      "provider": "provider[\"registry.terraform.io/hashicorp/aws\"]",
      "instances": [
        {
          "schema_version": 0,
          "attributes": {
            "api_key_required": false,
            "authorization": "NONE",
            "authorization_scopes": null,
            "authorizer_id": null,
            "http_method": "GET",
            "id": "agm-648yn46omf-ggjrf7-GET",
            "operation_name": null,
            "request_models": null,
            "request_parameters": null,
            "request_validator_id": null,
            "resource_id": "ggjrf7",
            "rest_api_id": "648yn46omf"
          },
          "sensitive_attributes": [],
          "identity_schema_version": 0,
          "private": "bnVsbA==",
          "dependencies": [
            "module.api_gateway.aws_api_gateway_resource.resource",
            "module.api_gateway.aws_api_gateway_rest_api.api"
          ]
        }
      ]
    },
    {
      "module": "module.api_gateway",
      "mode": "managed",
      "type": "aws_api_gateway_resource",
      "name": "resource",
      "provider": "provider[\"registry.terraform.io/hashicorp/aws\"]",
      "instances": [
        {
          "schema_version": 0,
          "attributes": {
            "id": "ggjrf7",
            "parent_id": "wkm73yjb06",
            "path": "/greeting",
            "path_part": "greeting",
            "rest_api_id": "648yn46omf"
          },
          "sensitive_attributes": [],
          "identity_schema_version": 0,
          "private": "bnVsbA==",
          "dependencies": [
            "module.api_gateway.aws_api_gateway_rest_api.api"
          ]
        }
      ]
    },
    {
      "module": "module.api_gateway",
      "mode": "managed",
      "type": "aws_api_gateway_rest_api",
      "name": "api",
      "provider": "provider[\"registry.terraform.io/hashicorp/aws\"]",
      "instances": [
        {
          "schema_version": 0,
          "attributes": {
            "api_key_source": "HEADER",
            "arn": "arn:aws:apigateway:us-west-2::/restapis/648yn46omf",
            "binary_media_types": [],
            "body": null,
            "created_date": "2025-07-14T18:46:47Z",
            "description": "API para saludo Belcorp",
            "disable_execute_api_endpoint": false,
            "endpoint_configuration": [
              {
                "types": [
                  "EDGE"
                ],
                "vpc_endpoint_ids": []
              }
            ],
            "execution_arn": "arn:aws:execute-api:us-west-2:214952093188:648yn46omf",
            "fail_on_warnings": null,
            "id": "648yn46omf",
            "minimum_compression_size": -1,
            "name": "belcorp-greeting-api",
            "parameters": null,
            "policy": "",
            "put_rest_api_mode": null,
            "root_resource_id": "wkm73yjb06",
            "tags": null,
            "tags_all": {
              "Ambiente": "QA",
              "Fecha_Creacion": "12/07/2025",
              "IaC": "Terraform",
              "Nube": "AWS",
              "Responsable": "Juan Perez"
            }
          },
          "sensitive_attributes": [],
          "identity_schema_version": 0,
          "private": "bnVsbA=="
        }
      ]
    },
    {
      "module": "module.api_gateway",
      "mode": "managed",
      "type": "aws_lambda_permission",
      "name": "apigw_lambda",
      "provider": "provider[\"registry.terraform.io/hashicorp/aws\"]",
      "instances": [
        {
          "schema_version": 0,
          "attributes": {
            "action": "lambda:InvokeFunction",
            "event_source_token": null,
            "function_name": "belcorp-greeting",
            "function_url_auth_type": null,
            "id": "AllowExecutionFromAPIGateway",
            "principal": "apigateway.amazonaws.com",
            "principal_org_id": null,
            "qualifier": "",
            "source_account": null,
            "source_arn": "arn:aws:execute-api:us-west-2:214952093188:648yn46omf/*/GET/greeting",
            "statement_id": "AllowExecutionFromAPIGateway",
            "statement_id_prefix": ""
          },
          "sensitive_attributes": [],
          "identity_schema_version": 0,
          "private": "bnVsbA==",
          "dependencies": [
            "module.api_gateway.aws_api_gateway_rest_api.api",
            "module.lambda.aws_iam_role.lambda_exec",
            "module.lambda.aws_lambda_function.function",
            "module.lambda.data.archive_file.lambda_zip"
          ]
        }
      ]
    },
    {
      "module": "module.dashboard",
      "mode": "managed",
      "type": "aws_cloudwatch_dashboard",
      "name": "api_dashboard",
      "provider": "provider[\"registry.terraform.io/hashicorp/aws\"]",
      "instances": [
        {
          "schema_version": 0,
          "attributes": {
            "dashboard_arn": "arn:aws:cloudwatch::214952093188:dashboard/belcorp-greeting-api-dashboard",
            "dashboard_body": "{\"widgets\":[{\"height\":6,\"properties\":{\"metrics\":[[\"AWS/ApiGateway\",\"Count\",\"ApiName\",\"belcorp-greeting-api\",\"Stage\",\"dev\",{\"period\":300,\"stat\":\"Sum\"}],[\".\",\"4XXError\",\".\",\".\",\".\",\".\",{\"period\":300,\"stat\":\"Sum\"}],[\".\",\"5XXError\",\".\",\".\",\".\",\".\",{\"period\":300,\"stat\":\"Sum\"}],[\".\",\"Latency\",\".\",\".\",\".\",\".\",{\"period\":300,\"stat\":\"Average\"}]],\"period\":300,\"region\":\"us-west-2\",\"stat\":\"Sum\",\"title\":\"Métricas de API Gateway\"},\"type\":\"metric\",\"width\":24,\"x\":0,\"y\":0}]}",
            "dashboard_name": "belcorp-greeting-api-dashboard",
            "id": "belcorp-greeting-api-dashboard"
          },
          "sensitive_attributes": [],
          "identity_schema_version": 0,
          "private": "bnVsbA==",
          "dependencies": [
            "module.api_gateway.aws_api_gateway_rest_api.api"
          ]
        }
      ]
    },
    {
      "module": "module.dashboard",
      "mode": "managed",
      "type": "aws_cloudwatch_log_group",
      "name": "api_gateway_logs",
      "provider": "provider[\"registry.terraform.io/hashicorp/aws\"]",
      "instances": [
        {
          "schema_version": 0,
          "attributes": {
            "arn": "arn:aws:logs:us-west-2:214952093188:log-group:API-Gateway-Execution-Logs_belcorp-greeting-api/dev",
            "id": "API-Gateway-Execution-Logs_belcorp-greeting-api/dev",
            "kms_key_id": "",
            "name": "API-Gateway-Execution-Logs_belcorp-greeting-api/dev",
            "name_prefix": "",
            "retention_in_days": 7,
            "skip_destroy": false,
            "tags": null,
            "tags_all": {
              "Ambiente": "QA",
              "Fecha_Creacion": "12/07/2025",
              "IaC": "Terraform",
              "Nube": "AWS",
              "Responsable": "Juan Perez"
            }
          },
          "sensitive_attributes": [],
          "identity_schema_version": 0,
          "private": "bnVsbA==",
          "dependencies": [
            "module.api_gateway.aws_api_gateway_rest_api.api"
          ]
        }
      ]
    },
    {
      "module": "module.lambda",
      "mode": "data",
      "type": "archive_file",
      "name": "lambda_zip",
      "provider": "provider[\"registry.terraform.io/hashicorp/archive\"]",
      "instances": [
        {
          "schema_version": 0,
          "attributes": {
            "exclude_symlink_directories": null,
            "excludes": null,
            "id": "3aaede722512e45671b8dc773c80d5933a92a01d",
            "output_base64sha256": "h9YECy9vuIBeigZXyP5ffABIzLUDShJ8aRajyJNR3h4=",
            "output_base64sha512": "kPmFD0rhDOGXb3fxduYMx1yJ0Sp0WkC+W/BelCTxay3qROFPnlgn3OcX+4J+1cEfcDYvrs68v2wrzx3cyuEDXg==",
            "output_file_mode": null,
            "output_md5": "e7c0be939e6626551e7e191796902a22",
            "output_path": "modulos/lambda/lambda_function.zip",
            "output_sha": "3aaede722512e45671b8dc773c80d5933a92a01d",
            "output_sha256": "87d6040b2f6fb8805e8a0657c8fe5f7c0048ccb5034a127c6916a3c89351de1e",
            "output_sha512": "90f9850f4ae10ce1976f77f176e60cc75c89d12a745a40be5bf05e9424f16b2dea44e14f9e5827dce717fb827ed5c11f70362faecebcbf6c2bcf1ddccae1035e",
            "output_size": 276,
            "source": [],
            "source_content": null,
            "source_content_filename": null,
            "source_dir": null,
            "source_file": "./modulos/lambda/code/handler.py",
            "type": "zip"
          },
          "sensitive_attributes": [],
          "identity_schema_version": 0
        }
      ]
    },
    {
      "module": "module.lambda",
      "mode": "managed",
      "type": "aws_iam_role",
      "name": "lambda_exec",
      "provider": "provider[\"registry.terraform.io/hashicorp/aws\"]",
      "instances": [
        {
          "schema_version": 0,
          "attributes": {
            "arn": "arn:aws:iam::214952093188:role/belcorp-greeting-exec-role",
            "assume_role_policy": "{\"Statement\":[{\"Action\":\"sts:AssumeRole\",\"Effect\":\"Allow\",\"Principal\":{\"Service\":\"lambda.amazonaws.com\"}}],\"Version\":\"2012-10-17\"}",
            "create_date": "2025-07-14T18:46:46Z",
            "description": "",
            "force_detach_policies": false,
            "id": "belcorp-greeting-exec-role",
            "inline_policy": [],
            "managed_policy_arns": [],
            "max_session_duration": 3600,
            "name": "belcorp-greeting-exec-role",
            "name_prefix": "",
            "path": "/",
            "permissions_boundary": null,
            "role_last_used": [
              {
                "last_used_date": "",
                "region": ""
              }
            ],
            "tags": null,
            "tags_all": {
              "Ambiente": "QA",
              "Fecha_Creacion": "12/07/2025",
              "IaC": "Terraform",
              "Nube": "AWS",
              "Responsable": "Juan Perez"
            },
            "unique_id": "AROATEDBEUYCLRXUBLHJD"
          },
          "sensitive_attributes": [],
          "identity_schema_version": 0,
          "private": "bnVsbA=="
        }
      ]
    },
    {
      "module": "module.lambda",
      "mode": "managed",
      "type": "aws_iam_role_policy_attachment",
      "name": "lambda_basic_execution",
      "provider": "provider[\"registry.terraform.io/hashicorp/aws\"]",
      "instances": [
        {
          "schema_version": 0,
          "attributes": {
            "id": "belcorp-greeting-exec-role-20250714184648916100000001",
            "policy_arn": "arn:aws:iam::aws:policy/service-role/AWSLambdaBasicExecutionRole",
            "role": "belcorp-greeting-exec-role"
          },
          "sensitive_attributes": [],
          "identity_schema_version": 0,
          "private": "bnVsbA==",
          "dependencies": [
            "module.lambda.aws_iam_role.lambda_exec"
          ]
        }
      ]
    },
    {
      "module": "module.lambda",
      "mode": "managed",
      "type": "aws_lambda_function",
      "name": "function",
      "provider": "provider[\"registry.terraform.io/hashicorp/aws\"]",
      "instances": [
        {
          "schema_version": 0,
          "attributes": {
            "architectures": [
              "x86_64"
            ],
            "arn": "arn:aws:lambda:us-west-2:214952093188:function:belcorp-greeting",
            "code_signing_config_arn": "",
            "dead_letter_config": [],
            "description": "",
            "environment": [],
            "ephemeral_storage": [
              {
                "size": 512
              }
            ],
            "file_system_config": [],
            "filename": "modulos/lambda/lambda_function.zip",
            "function_name": "belcorp-greeting",
            "handler": "handler.lambda_handler",
            "id": "belcorp-greeting",
            "image_config": [],
            "image_uri": "",
            "invoke_arn": "arn:aws:apigateway:us-west-2:lambda:path/2015-03-31/functions/arn:aws:lambda:us-west-2:214952093188:function:belcorp-greeting/invocations",
            "kms_key_arn": "",
            "last_modified": "2025-07-14T18:46:56.702+0000",
            "layers": null,
            "memory_size": 128,
            "package_type": "Zip",
            "publish": false,
            "qualified_arn": "arn:aws:lambda:us-west-2:214952093188:function:belcorp-greeting:$LATEST",
            "qualified_invoke_arn": "arn:aws:apigateway:us-west-2:lambda:path/2015-03-31/functions/arn:aws:lambda:us-west-2:214952093188:function:belcorp-greeting:$LATEST/invocations",
            "replace_security_groups_on_destroy": null,
            "replacement_security_group_ids": null,
            "reserved_concurrent_executions": -1,
            "role": "arn:aws:iam::214952093188:role/belcorp-greeting-exec-role",
            "runtime": "python3.9",
            "s3_bucket": null,
            "s3_key": null,
            "s3_object_version": null,
            "signing_job_arn": "",
            "signing_profile_version_arn": "",
            "skip_destroy": false,
            "snap_start": [],
            "source_code_hash": "h9YECy9vuIBeigZXyP5ffABIzLUDShJ8aRajyJNR3h4=",
            "source_code_size": 276,
            "tags": null,
            "tags_all": {
              "Ambiente": "QA",
              "Fecha_Creacion": "12/07/2025",
              "IaC": "Terraform",
              "Nube": "AWS",
              "Responsable": "Juan Perez"
            },
            "timeout": 10,
            "timeouts": null,
            "tracing_config": [
              {
                "mode": "PassThrough"
              }
            ],
            "version": "$LATEST",
            "vpc_config": []
          },
          "sensitive_attributes": [],
          "identity_schema_version": 0,
          "private": "eyJlMmJmYjczMC1lY2FhLTExZTYtOGY4OC0zNDM2M2JjN2M0YzAiOnsiY3JlYXRlIjo2MDAwMDAwMDAwMDAsImRlbGV0ZSI6NjAwMDAwMDAwMDAwLCJ1cGRhdGUiOjYwMDAwMDAwMDAwMH19",
          "dependencies": [
            "module.lambda.aws_iam_role.lambda_exec",
            "module.lambda.data.archive_file.lambda_zip"
          ]
        }
      ]
    }
  ],
  "check_results": null
}
